
Microsoft Visual Studio Solution File, Format Version 12.00
# Visual Studio Version 16
VisualStudioVersion = 16.0.31702.278
MinimumVisualStudioVersion = 10.0.40219.1
Project("{8BC9CEB8-8B4A-11D0-8D11-00A0C91BC942}") = "Practica3a_IGV", "Practica3a_IGV\Practica3a_IGV.vcxproj", "{5CFC1D0A-EE60-4EDA-BC4D-E83F653B5442}"
EndProject
Global
	GlobalSection(SolutionConfigurationPlatforms) = preSolution
		Debug|x64 = Debug|x64
		Debug|x86 = Debug|x86
		Release|x64 = Release|x64
		Release|x86 = Release|x86
	EndGlobalSection
	GlobalSection(ProjectConfigurationPlatforms) = postSolution
		{5CFC1D0A-EE60-4EDA-BC4D-E83F653B5442}.Debug|x64.ActiveCfg = Debug|x64
		{5CFC1D0A-EE60-4EDA-BC4D-E83F653B5442}.Debug|x64.Build.0 = Debug|x64
		{5CFC1D0A-EE60-4EDA-BC4D-E83F653B5442}.Debug|x86.ActiveCfg = Debug|Win32
		{5CFC1D0A-EE60-4EDA-BC4D-E83F653B5442}.Debug|x86.Build.0 = Debug|Win32
		{5CFC1D0A-EE60-4EDA-BC4D-E83F653B5442}.Release|x64.ActiveCfg = Release|x64
		{5CFC1D0A-EE60-4EDA-BC4D-E83F653B5442}.Release|x64.Build.0 = Release|x64
		{5CFC1D0A-EE60-4EDA-BC4D-E83F653B5442}.Release|x86.ActiveCfg = Release|Win32
		{5CFC1D0A-EE60-4EDA-BC4D-E83F653B5442}.Release|x86.Build.0 = Release|Win32
	EndGlobalSection
	GlobalSection(SolutionProperties) = preSolution
		HideSolutionNode = FALSE
	EndGlobalSection
	GlobalSection(ExtensibilityGlobals) = postSolution
		SolutionGuid = {F89F0FD4-A94D-4FAA-A45E-7A7E16548330}
	EndGlobalSection
EndGlobal
